{
  "requires": true,
  "lockfileVersion": 1,
  "dependencies": {
    "dark-sky-api": {
      "version": "0.6.3",
      "resolved": "https://registry.npmjs.org/dark-sky-api/-/dark-sky-api-0.6.3.tgz",
      "integrity": "sha512-q5EAH72YxLjDXBZd8dxTR+N17xvZ84JBUKDCXb62I472YFqjd2igFhBGNaGXD26rIYMIpCorEhmCLqTX1K20yQ==",
      "requires": {
        "dark-sky-skeleton": "0.1.45",
        "geo-loc-utils": "0.0.2",
        "moment": "2.22.1"
      }
    },
    "dark-sky-skeleton": {
      "version": "0.1.45",
      "resolved": "https://registry.npmjs.org/dark-sky-skeleton/-/dark-sky-skeleton-0.1.45.tgz",
      "integrity": "sha512-tLk3sBTbk3eBjPYE0PLW1v8Sa2HYe8cbExkXSaEhPBWeLPh4rGioVeEXeCLxAOyPWl84KIeKI38Cp5YyvNRv9Q==",
      "requires": {
        "fetch-jsonp": "1.1.3",
        "isomorphic-fetch": "2.2.1",
        "query-string": "4.3.4"
      }
    },
    "encoding": {
      "version": "0.1.12",
      "resolved": "https://registry.npmjs.org/encoding/-/encoding-0.1.12.tgz",
      "integrity": "sha1-U4tm8+5izRq1HsMjgp0flIDHS+s=",
      "requires": {
        "iconv-lite": "0.4.23"
      }
    },
    "fetch-jsonp": {
      "version": "1.1.3",
      "resolved": "https://registry.npmjs.org/fetch-jsonp/-/fetch-jsonp-1.1.3.tgz",
      "integrity": "sha1-nrnlhboIqvcAVjU40Xu+u81aPbI="
    },
    "geo-loc-utils": {
      "version": "0.0.2",
      "resolved": "https://registry.npmjs.org/geo-loc-utils/-/geo-loc-utils-0.0.2.tgz",
      "integrity": "sha1-lgvTsBo0rnVl85RfGewx1JDBghI="
    },
    "iconv-lite": {
      "version": "0.4.23",
      "resolved": "https://registry.npmjs.org/iconv-lite/-/iconv-lite-0.4.23.tgz",
      "integrity": "sha512-neyTUVFtahjf0mB3dZT77u+8O0QB89jFdnBkd5P1JgYPbPaia3gXXOVL2fq8VyU2gMMD7SaN7QukTB/pmXYvDA==",
      "requires": {
        "safer-buffer": "2.1.2"
      }
    },
    "is-stream": {
      "version": "1.1.0",
      "resolved": "https://registry.npmjs.org/is-stream/-/is-stream-1.1.0.tgz",
      "integrity": "sha1-EtSj3U5o4Lec6428hBc66A2RykQ="
    },
    "isomorphic-fetch": {
      "version": "2.2.1",
      "resolved": "https://registry.npmjs.org/isomorphic-fetch/-/isomorphic-fetch-2.2.1.tgz",
      "integrity": "sha1-YRrhrPFPXoH3KVB0coGf6XM1WKk=",
      "requires": {
        "node-fetch": "1.7.3",
        "whatwg-fetch": "2.0.4"
      }
    },
    "moment": {
      "version": "2.22.1",
      "resolved": "https://registry.npmjs.org/moment/-/moment-2.22.1.tgz",
      "integrity": "sha512-shJkRTSebXvsVqk56I+lkb2latjBs8I+pc2TzWc545y2iFnSjm7Wg0QMh+ZWcdSLQyGEau5jI8ocnmkyTgr9YQ=="
    },
    "node-fetch": {
      "version": "1.7.3",
      "resolved": "https://registry.npmjs.org/node-fetch/-/node-fetch-1.7.3.tgz",
      "integrity": "sha512-NhZ4CsKx7cYm2vSrBAr2PvFOe6sWDf0UYLRqA6svUYg7+/TSfVAu49jYC4BvQ4Sms9SZgdqGBgroqfDhJdTyKQ==",
      "requires": {
        "encoding": "0.1.12",
        "is-stream": "1.1.0"
      }
    },
    "object-assign": {
      "version": "4.1.1",
      "resolved": "https://registry.npmjs.org/object-assign/-/object-assign-4.1.1.tgz",
      "integrity": "sha1-IQmtx5ZYh8/AXLvUQsrIv7s2CGM="
    },
    "query-string": {
      "version": "4.3.4",
      "resolved": "https://registry.npmjs.org/query-string/-/query-string-4.3.4.tgz",
      "integrity": "sha1-u7aTucqRXCMlFbIosaArYJBD2+s=",
      "requires": {
        "object-assign": "4.1.1",
        "strict-uri-encode": "1.1.0"
      }
    },
    "safer-buffer": {
      "version": "2.1.2",
      "resolved": "https://registry.npmjs.org/safer-buffer/-/safer-buffer-2.1.2.tgz",
      "integrity": "sha512-YZo3K82SD7Riyi0E1EQPojLz7kpepnSQI9IyPbHHg1XXXevb5dJI7tpyN2ADxGcQbHG7vcyRHk0cbwqcQriUtg=="
    },
    "strict-uri-encode": {
      "version": "1.1.0",
      "resolved": "https://registry.npmjs.org/strict-uri-encode/-/strict-uri-encode-1.1.0.tgz",
      "integrity": "sha1-J5siXfHVgrH1TmWt3UNS4Y+qBxM="
    },
    "whatwg-fetch": {
      "version": "2.0.4",
      "resolved": "https://registry.npmjs.org/whatwg-fetch/-/whatwg-fetch-2.0.4.tgz",
      "integrity": "sha512-dcQ1GWpOD/eEQ97k66aiEVpNnapVj90/+R+SXTPYGHpYBBypfKJEQjLrvMZ7YXbKm21gXd4NcuxUTjiv1YtLng=="
    }
  }
}
